<?xml version="1.0" encoding="utf-8"?>
<Project ToolsVersion="4.0" xmlns="http://schemas.microsoft.com/developer/msbuild/2003">
  <ItemGroup>
    <Filter Include="Source Files">
      <UniqueIdentifier>{4FC737F1-C7A5-4376-A066-2A32D752A2FF}</UniqueIdentifier>
      <Extensions>cpp;c;cc;cxx;def;odl;idl;hpj;bat;asm;asmx</Extensions>
    </Filter>
    <Filter Include="Header Files">
      <UniqueIdentifier>{93995380-89BD-4b04-88EB-625FBE52EBFB}</UniqueIdentifier>
      <Extensions>h;hh;hpp;hxx;hm;inl;inc;xsd</Extensions>
    </Filter>
    <Filter Include="Resource Files">
      <UniqueIdentifier>{67DA6AB6-F800-4c08-8B7A-83BB121AAD01}</UniqueIdentifier>
      <Extensions>rc;ico;cur;bmp;dlg;rc2;rct;bin;rgs;gif;jpg;jpeg;jpe;resx;tiff;tif;png;wav;mfcribbon-ms</Extensions>
    </Filter>
    <Filter Include="Source Files\Objects">
      <UniqueIdentifier>{cc61237e-813b-4810-86fa-3a07be1d90c1}</UniqueIdentifier>
    </Filter>
    <Filter Include="Source Files\Minigin">
      <UniqueIdentifier>{bf92d5c1-9d11-4242-8252-1990fc55cfbf}</UniqueIdentifier>
    </Filter>
    <Filter Include="Source Files\Components">
      <UniqueIdentifier>{52b6433c-79e0-4261-b8c0-ecff22804039}</UniqueIdentifier>
    </Filter>
    <Filter Include="Source Files\Scene">
      <UniqueIdentifier>{819af74b-c27a-4089-ab77-a3e2782ccd29}</UniqueIdentifier>
    </Filter>
    <Filter Include="Source Files\Textures">
      <UniqueIdentifier>{6a780bcb-c951-4d07-86b0-7e65b1803801}</UniqueIdentifier>
    </Filter>
    <Filter Include="Imgui">
      <UniqueIdentifier>{c96ed076-1f3e-49e6-a77a-01a6ce1b969b}</UniqueIdentifier>
    </Filter>
    <Filter Include="Source Files\Obserever">
      <UniqueIdentifier>{9eb803c9-6ff7-4747-94b9-bfbdf0980cd4}</UniqueIdentifier>
    </Filter>
    <Filter Include="Source Files\Services">
      <UniqueIdentifier>{31cc2737-963d-4688-883c-fb420fe9c12c}</UniqueIdentifier>
    </Filter>
    <Filter Include="Source Files\Input">
      <UniqueIdentifier>{34f76141-a4f5-468c-9ea7-27b0d02d02bc}</UniqueIdentifier>
    </Filter>
    <Filter Include="Source Files\Helper">
      <UniqueIdentifier>{63fd9bb6-465b-4edf-8cb7-11ef5f28ee68}</UniqueIdentifier>
    </Filter>
    <Filter Include="Source Files\Helper\IMGUI">
      <UniqueIdentifier>{ba56d8b6-71c0-418d-a623-1465dd18df05}</UniqueIdentifier>
    </Filter>
  </ItemGroup>
  <ItemGroup>
    <ClInclude Include="GameObject.h">
      <Filter>Source Files\Objects</Filter>
    </ClInclude>
    <ClInclude Include="Minigin.h">
      <Filter>Source Files\Minigin</Filter>
    </ClInclude>
    <ClInclude Include="MiniginPCH.h">
      <Filter>Source Files\Minigin</Filter>
    </ClInclude>
    <ClInclude Include="BaseComponent.h">
      <Filter>Source Files\Components</Filter>
    </ClInclude>
    <ClInclude Include="TextRenderComponent.h">
      <Filter>Source Files\Components</Filter>
    </ClInclude>
    <ClInclude Include="Scene.h">
      <Filter>Source Files\Scene</Filter>
    </ClInclude>
    <ClInclude Include="SceneManager.h">
      <Filter>Source Files\Scene</Filter>
    </ClInclude>
    <ClInclude Include="Font.h">
      <Filter>Source Files\Textures</Filter>
    </ClInclude>
    <ClInclude Include="Texture2D.h">
      <Filter>Source Files\Textures</Filter>
    </ClInclude>
    <ClInclude Include="TransformComponent.h">
      <Filter>Source Files\Components</Filter>
    </ClInclude>
    <ClInclude Include="TextureRenderComponent.h">
      <Filter>Source Files\Components</Filter>
    </ClInclude>
    <ClInclude Include="TimeComponent.h">
      <Filter>Source Files\Components</Filter>
    </ClInclude>
    <ClInclude Include="..\3rdParty\Imgui-1.81\imgui-master\imconfig.h">
      <Filter>Imgui</Filter>
    </ClInclude>
    <ClInclude Include="..\3rdParty\Imgui-1.81\imgui-master\imgui.h">
      <Filter>Imgui</Filter>
    </ClInclude>
    <ClInclude Include="..\3rdParty\Imgui-1.81\imgui-master\imgui_internal.h">
      <Filter>Imgui</Filter>
    </ClInclude>
    <ClInclude Include="..\3rdParty\Imgui-1.81\imgui-master\imstb_rectpack.h">
      <Filter>Imgui</Filter>
    </ClInclude>
    <ClInclude Include="..\3rdParty\Imgui-1.81\imgui-master\imstb_textedit.h">
      <Filter>Imgui</Filter>
    </ClInclude>
    <ClInclude Include="..\3rdParty\Imgui-1.81\imgui-master\imstb_truetype.h">
      <Filter>Imgui</Filter>
    </ClInclude>
    <ClInclude Include="..\3rdParty\Imgui-1.81\imgui-master\backends\imgui_impl_opengl2.h">
      <Filter>Imgui</Filter>
    </ClInclude>
    <ClInclude Include="..\3rdParty\Imgui-1.81\imgui-master\backends\imgui_impl_sdl.h">
      <Filter>Imgui</Filter>
    </ClInclude>
    <ClInclude Include="InputManager.h">
      <Filter>Source Files\Input</Filter>
    </ClInclude>
    <ClInclude Include="Command.h">
      <Filter>Source Files\Input</Filter>
    </ClInclude>
    <ClInclude Include="Observer.h">
      <Filter>Source Files\Obserever</Filter>
    </ClInclude>
    <ClInclude Include="ServiceLocater.h">
      <Filter>Source Files\Services</Filter>
    </ClInclude>
    <ClInclude Include="SoundSystem.h">
      <Filter>Source Files\Services</Filter>
    </ClInclude>
    <ClInclude Include="SubjectComponent.h">
      <Filter>Source Files\Components</Filter>
    </ClInclude>
    <ClInclude Include="ObserverComponent.h">
      <Filter>Source Files\Components</Filter>
    </ClInclude>
    <ClInclude Include="ResourceManager.h">
      <Filter>Source Files\Textures</Filter>
    </ClInclude>
    <ClInclude Include="Singleton.h">
      <Filter>Source Files\Helper</Filter>
    </ClInclude>
    <ClInclude Include="Renderer.h">
      <Filter>Source Files\Helper</Filter>
    </ClInclude>
    <ClInclude Include="Transform.h">
      <Filter>Source Files\Helper</Filter>
    </ClInclude>
    <ClInclude Include="Components.h">
      <Filter>Source Files\Components</Filter>
    </ClInclude>
    <ClInclude Include="Event.h">
      <Filter>Source Files\Obserever</Filter>
    </ClInclude>
    <ClInclude Include="imguiMenu.h">
      <Filter>Source Files\Helper\IMGUI</Filter>
    </ClInclude>
  </ItemGroup>
  <ItemGroup>
    <ClCompile Include="GameObject.cpp">
      <Filter>Source Files\Objects</Filter>
    </ClCompile>
    <ClCompile Include="Minigin.cpp">
      <Filter>Source Files\Minigin</Filter>
    </ClCompile>
    <ClCompile Include="MiniginPCH.cpp">
      <Filter>Source Files\Minigin</Filter>
    </ClCompile>
    <ClCompile Include="TextRenderComponent.cpp">
      <Filter>Source Files\Components</Filter>
    </ClCompile>
    <ClCompile Include="Scene.cpp">
      <Filter>Source Files\Scene</Filter>
    </ClCompile>
    <ClCompile Include="SceneManager.cpp">
      <Filter>Source Files\Scene</Filter>
    </ClCompile>
    <ClCompile Include="Font.cpp">
      <Filter>Source Files\Textures</Filter>
    </ClCompile>
    <ClCompile Include="Texture2D.cpp">
      <Filter>Source Files\Textures</Filter>
    </ClCompile>
    <ClCompile Include="TransformComponent.cpp">
      <Filter>Source Files\Components</Filter>
    </ClCompile>
    <ClCompile Include="BaseComponent.cpp">
      <Filter>Source Files\Components</Filter>
    </ClCompile>
    <ClCompile Include="TextureRenderComponent.cpp">
      <Filter>Source Files\Components</Filter>
    </ClCompile>
    <ClCompile Include="TimeComponent.cpp">
      <Filter>Source Files\Components</Filter>
    </ClCompile>
    <ClCompile Include="..\3rdParty\Imgui-1.81\imgui-master\imgui.cpp">
      <Filter>Imgui</Filter>
    </ClCompile>
    <ClCompile Include="..\3rdParty\Imgui-1.81\imgui-master\imgui_demo.cpp">
      <Filter>Imgui</Filter>
    </ClCompile>
    <ClCompile Include="..\3rdParty\Imgui-1.81\imgui-master\imgui_draw.cpp">
      <Filter>Imgui</Filter>
    </ClCompile>
    <ClCompile Include="..\3rdParty\Imgui-1.81\imgui-master\imgui_tables.cpp">
      <Filter>Imgui</Filter>
    </ClCompile>
    <ClCompile Include="..\3rdParty\Imgui-1.81\imgui-master\imgui_widgets.cpp">
      <Filter>Imgui</Filter>
    </ClCompile>
    <ClCompile Include="..\3rdParty\Imgui-1.81\imgui-master\backends\imgui_impl_opengl2.cpp">
      <Filter>Imgui</Filter>
    </ClCompile>
    <ClCompile Include="..\3rdParty\Imgui-1.81\imgui-master\backends\imgui_impl_sdl.cpp">
      <Filter>Imgui</Filter>
    </ClCompile>
    <ClCompile Include="InputManager.cpp">
      <Filter>Source Files\Input</Filter>
    </ClCompile>
    <ClCompile Include="Command.cpp">
      <Filter>Source Files\Input</Filter>
    </ClCompile>
    <ClCompile Include="Observer.cpp">
      <Filter>Source Files\Obserever</Filter>
    </ClCompile>
    <ClCompile Include="ServiceLocater.cpp">
      <Filter>Source Files\Services</Filter>
    </ClCompile>
    <ClCompile Include="SoundSystem.cpp">
      <Filter>Source Files\Services</Filter>
    </ClCompile>
    <ClCompile Include="SubjectComponent.cpp">
      <Filter>Source Files\Components</Filter>
    </ClCompile>
    <ClCompile Include="ObserverComponent.cpp">
      <Filter>Source Files\Components</Filter>
    </ClCompile>
    <ClCompile Include="ResourceManager.cpp">
      <Filter>Source Files\Textures</Filter>
    </ClCompile>
    <ClCompile Include="Main.cpp">
      <Filter>Source Files\Minigin</Filter>
    </ClCompile>
    <ClCompile Include="Renderer.cpp">
      <Filter>Source Files\Helper</Filter>
    </ClCompile>
    <ClCompile Include="Transform.cpp">
      <Filter>Source Files\Helper</Filter>
    </ClCompile>
    <ClCompile Include="Event.cpp">
      <Filter>Source Files\Obserever</Filter>
    </ClCompile>
    <ClCompile Include="imguiMenu.cpp">
      <Filter>Source Files\Helper\IMGUI</Filter>
    </ClCompile>
  </ItemGroup>
</Project>