<?xml version="1.0" encoding="utf-8"?>
<Project ToolsVersion="4.0" xmlns="http://schemas.microsoft.com/developer/msbuild/2003">
  <ItemGroup>
    <Filter Include="Source Files">
      <UniqueIdentifier>{4FC737F1-C7A5-4376-A066-2A32D752A2FF}</UniqueIdentifier>
      <Extensions>cpp;c;cc;cxx;c++;cppm;ixx;def;odl;idl;hpj;bat;asm;asmx</Extensions>
    </Filter>
    <Filter Include="Header Files">
      <UniqueIdentifier>{93995380-89BD-4b04-88EB-625FBE52EBFB}</UniqueIdentifier>
      <Extensions>h;hh;hpp;hxx;h++;hm;inl;inc;ipp;xsd</Extensions>
    </Filter>
    <Filter Include="Resource Files">
      <UniqueIdentifier>{67DA6AB6-F800-4c08-8B7A-83BB121AAD01}</UniqueIdentifier>
      <Extensions>rc;ico;cur;bmp;dlg;rc2;rct;bin;rgs;gif;jpg;jpeg;jpe;resx;tiff;tif;png;wav;mfcribbon-ms</Extensions>
    </Filter>
    <Filter Include="Source Files\GameObservers">
      <UniqueIdentifier>{502cfffe-2041-45da-929a-7e22b6e63eeb}</UniqueIdentifier>
    </Filter>
    <Filter Include="Source Files\GamePrefabs">
      <UniqueIdentifier>{0a8b6a50-1fd8-4c83-9fd6-dc9206195e63}</UniqueIdentifier>
    </Filter>
    <Filter Include="Source Files\GameComponents">
      <UniqueIdentifier>{add06584-611e-4564-aea4-9314075a3f7a}</UniqueIdentifier>
    </Filter>
    <Filter Include="Source Files\GameComponents\MoveRules">
      <UniqueIdentifier>{89caa98d-f4f3-4e0a-a71f-61eddf2bda66}</UniqueIdentifier>
    </Filter>
    <Filter Include="Source Files\StartMenu">
      <UniqueIdentifier>{44da8403-0cb8-45f8-b62d-3b743cfc7f55}</UniqueIdentifier>
    </Filter>
    <Filter Include="Source Files\GameObservers\Events">
      <UniqueIdentifier>{e32c58bc-26f8-4556-86bc-6c8ebb36a2de}</UniqueIdentifier>
    </Filter>
    <Filter Include="Source Files\Managers">
      <UniqueIdentifier>{88df996c-9437-4a69-affd-c0c920456418}</UniqueIdentifier>
    </Filter>
  </ItemGroup>
  <ItemGroup>
    <ClCompile Include="main.cpp">
      <Filter>Source Files</Filter>
    </ClCompile>
    <ClCompile Include="QbertApplication.cpp">
      <Filter>Source Files</Filter>
    </ClCompile>
    <ClCompile Include="HexGrid.cpp">
      <Filter>Source Files\GamePrefabs</Filter>
    </ClCompile>
    <ClCompile Include="GridMoveComponent.cpp">
      <Filter>Source Files\GameComponents</Filter>
    </ClCompile>
    <ClCompile Include="Move.cpp">
      <Filter>Source Files\GameComponents\MoveRules</Filter>
    </ClCompile>
    <ClCompile Include="PlayerMove.cpp">
      <Filter>Source Files\GameComponents\MoveRules</Filter>
    </ClCompile>
    <ClCompile Include="MoveCommand.cpp">
      <Filter>Source Files\GameComponents\MoveRules</Filter>
    </ClCompile>
    <ClCompile Include="FallDownMove.cpp">
      <Filter>Source Files\GameComponents\MoveRules</Filter>
    </ClCompile>
    <ClCompile Include="LevelObserver.cpp">
      <Filter>Source Files\GameObservers</Filter>
    </ClCompile>
    <ClCompile Include="LevelEvent.cpp">
      <Filter>Source Files\GameObservers\Events</Filter>
    </ClCompile>
    <ClCompile Include="MenuComponent.cpp">
      <Filter>Source Files\GameComponents</Filter>
    </ClCompile>
    <ClCompile Include="MainMenu.cpp">
      <Filter>Source Files\StartMenu</Filter>
    </ClCompile>
    <ClCompile Include="MenuObserver.cpp">
      <Filter>Source Files\GameObservers</Filter>
    </ClCompile>
    <ClCompile Include="MenuEvent.cpp">
      <Filter>Source Files\GameObservers\Events</Filter>
    </ClCompile>
    <ClCompile Include="..\Minigin\Score.cpp">
      <Filter>Source Files\GameObservers</Filter>
    </ClCompile>
    <ClCompile Include="..\Minigin\Lives.cpp">
      <Filter>Source Files\GameObservers</Filter>
    </ClCompile>
    <ClCompile Include="GameManager.cpp">
      <Filter>Source Files\Managers</Filter>
    </ClCompile>
    <ClCompile Include="GridManager.cpp">
      <Filter>Source Files\Managers</Filter>
    </ClCompile>
    <ClCompile Include="CoilyAIMove.cpp">
      <Filter>Source Files\GameComponents\MoveRules</Filter>
    </ClCompile>
    <ClCompile Include="SideFall.cpp">
      <Filter>Source Files\GameComponents\MoveRules</Filter>
    </ClCompile>
    <ClCompile Include="CoilyPlayerMove.cpp">
      <Filter>Source Files\GameComponents\MoveRules</Filter>
    </ClCompile>
  </ItemGroup>
  <ItemGroup>
    <ClInclude Include="QbertApplication.h">
      <Filter>Source Files</Filter>
    </ClInclude>
    <ClInclude Include="HexGrid.h">
      <Filter>Source Files\GamePrefabs</Filter>
    </ClInclude>
    <ClInclude Include="GridMoveComponent.h">
      <Filter>Source Files\GameComponents</Filter>
    </ClInclude>
    <ClInclude Include="Move.h">
      <Filter>Source Files\GameComponents\MoveRules</Filter>
    </ClInclude>
    <ClInclude Include="PlayerMove.h">
      <Filter>Source Files\GameComponents\MoveRules</Filter>
    </ClInclude>
    <ClInclude Include="MoveCommand.h">
      <Filter>Source Files\GameComponents\MoveRules</Filter>
    </ClInclude>
    <ClInclude Include="FallDownMove.h">
      <Filter>Source Files\GameComponents\MoveRules</Filter>
    </ClInclude>
    <ClInclude Include="LevelObserver.h">
      <Filter>Source Files\GameObservers</Filter>
    </ClInclude>
    <ClInclude Include="LevelEvent.h">
      <Filter>Source Files\GameObservers\Events</Filter>
    </ClInclude>
    <ClInclude Include="MenuComponent.h">
      <Filter>Source Files\GameComponents</Filter>
    </ClInclude>
    <ClInclude Include="MainMenu.h">
      <Filter>Source Files\StartMenu</Filter>
    </ClInclude>
    <ClInclude Include="MenuObserver.h">
      <Filter>Source Files\GameObservers</Filter>
    </ClInclude>
    <ClInclude Include="MenuEvent.h">
      <Filter>Source Files\GameObservers\Events</Filter>
    </ClInclude>
    <ClInclude Include="..\Minigin\Score.h">
      <Filter>Source Files\GameObservers</Filter>
    </ClInclude>
    <ClInclude Include="..\Minigin\Lives.h">
      <Filter>Source Files\GameObservers</Filter>
    </ClInclude>
    <ClInclude Include="GameManager.h">
      <Filter>Source Files\Managers</Filter>
    </ClInclude>
    <ClInclude Include="GridManager.h">
      <Filter>Source Files\Managers</Filter>
    </ClInclude>
    <ClInclude Include="CoilyAIMove.h">
      <Filter>Source Files\GameComponents\MoveRules</Filter>
    </ClInclude>
    <ClInclude Include="SideFall.h">
      <Filter>Source Files\GameComponents\MoveRules</Filter>
    </ClInclude>
    <ClInclude Include="CoilyPlayerMove.h">
      <Filter>Source Files\GameComponents\MoveRules</Filter>
    </ClInclude>
  </ItemGroup>
</Project>